{
  "requires": true,
  "lockfileVersion": 1,
  "dependencies": {
    "basiclightbox": {
      "version": "5.0.4",
      "resolved": "https://registry.npmjs.org/basiclightbox/-/basiclightbox-5.0.4.tgz",
      "integrity": "sha512-EsuNWmfcFXWZOe0txKXsllYOC7bDpoaVLc4HHHlYKB/roymlZs+FBdLUU6rx2yPpnJZhulwheKdPjqr2k0+NGQ=="
    },
    "lightbox": {
      "version": "0.5.0",
      "resolved": "https://registry.npmjs.org/lightbox/-/lightbox-0.5.0.tgz",
      "integrity": "sha1-zM1f+rVHz/jv0kHy3ZzErN8YC5M="
    },
    "simplelightbox": {
      "version": "2.10.1",
      "resolved": "https://registry.npmjs.org/simplelightbox/-/simplelightbox-2.10.1.tgz",
      "integrity": "sha512-1NMFYrrC7sd/4uOlRVmqvKRsyab1Z+ak53PLWH+UOLBWL/UL4TFezfOcEZ3e+SSmFgBi7A2cA9MCYp1SdL/cJQ=="
    }
  }
}
